{
  "lockfileVersion": 1,
  "dependencies": {
    "angular-h-sweetalert": {
      "version": "2.0.1",
      "resolved": "https://registry.npmjs.org/angular-h-sweetalert/-/angular-h-sweetalert-2.0.1.tgz",
      "integrity": "sha1-mBqTkwOaSdjTlOloAc6aTE3qXSs="
    },
    "angular-socialshare": {
      "version": "2.3.11",
      "resolved": "https://registry.npmjs.org/angular-socialshare/-/angular-socialshare-2.3.11.tgz",
      "integrity": "sha1-BTKLM9mF/Zt+FQAmPCCpqg+ELJk="
    },
    "ng-sweet-alert": {
      "version": "1.0.11",
      "resolved": "https://registry.npmjs.org/ng-sweet-alert/-/ng-sweet-alert-1.0.11.tgz",
      "integrity": "sha1-2CIzIgoilsuOrmZG+Fdrg42uV3E="
    },
    "sweetalert": {
      "version": "1.1.3",
      "resolved": "https://registry.npmjs.org/sweetalert/-/sweetalert-1.1.3.tgz",
      "integrity": "sha1-0sMepJKyK2qNiHrqFZiaI4/AhK4="
    }
  }
}
